
Microsoft Visual Studio Solution File, Format Version 12.00
# Visual Studio Version 16
VisualStudioVersion = 16.0.30204.135
MinimumVisualStudioVersion = 10.0.40219.1
Project("{FAE04EC0-301F-11D3-BF4B-00C04F79EFBC}") = "ParserTask", "ParserTask\ParserTask.csproj", "{470D20DA-8E50-448F-8AD9-190961D4E93B}"
EndProject
Global
	GlobalSection(SolutionConfigurationPlatforms) = preSolution
		Debug|Any CPU = Debug|Any CPU
		Release|Any CPU = Release|Any CPU
	EndGlobalSection
	GlobalSection(ProjectConfigurationPlatforms) = postSolution
		{470D20DA-8E50-448F-8AD9-190961D4E93B}.Debug|Any CPU.ActiveCfg = Debug|Any CPU
		{470D20DA-8E50-448F-8AD9-190961D4E93B}.Debug|Any CPU.Build.0 = Debug|Any CPU
		{470D20DA-8E50-448F-8AD9-190961D4E93B}.Release|Any CPU.ActiveCfg = Release|Any CPU
		{470D20DA-8E50-448F-8AD9-190961D4E93B}.Release|Any CPU.Build.0 = Release|Any CPU
	EndGlobalSection
	GlobalSection(SolutionProperties) = preSolution
		HideSolutionNode = FALSE
	EndGlobalSection
	GlobalSection(ExtensibilityGlobals) = postSolution
		SolutionGuid = {67843D8C-15A1-4F19-8FE9-98046E5875F4}
	EndGlobalSection
EndGlobal
